// !$*UTF8*$!
{
	archiveVersion = 1;
	classes = {
	};
	objectVersion = 56;
	objects = {

/* Begin PBXBuildFile section */
		6327F1FC2A820EC4000FC013 /* .gitignore in Resources */ = {isa = PBXBuildFile; fileRef = 6327F1FB2A820EC4000FC013 /* .gitignore */; };
		6327F1FE2A820EDA000FC013 /* API_Key.swift in Sources */ = {isa = PBXBuildFile; fileRef = 6327F1FD2A820EDA000FC013 /* API_Key.swift */; };
		6327F2012A821084000FC013 /* LotteryVC.swift in Sources */ = {isa = PBXBuildFile; fileRef = 6327F2002A821084000FC013 /* LotteryVC.swift */; };
		634294522A8213810085B3D0 /* Alamofire in Frameworks */ = {isa = PBXBuildFile; productRef = 634294512A8213810085B3D0 /* Alamofire */; };
		634294552A8213890085B3D0 /* SwiftyJSON in Frameworks */ = {isa = PBXBuildFile; productRef = 634294542A8213890085B3D0 /* SwiftyJSON */; };
		634294592A8227680085B3D0 /* BeerVC.swift in Sources */ = {isa = PBXBuildFile; fileRef = 634294582A8227680085B3D0 /* BeerVC.swift */; };
		6342945C2A8228190085B3D0 /* BeerItemCell.swift in Sources */ = {isa = PBXBuildFile; fileRef = 6342945A2A8228190085B3D0 /* BeerItemCell.swift */; };
		6342945D2A8228190085B3D0 /* BeerItemCell.xib in Resources */ = {isa = PBXBuildFile; fileRef = 6342945B2A8228190085B3D0 /* BeerItemCell.xib */; };
		6342945F2A8229610085B3D0 /* BeerNetwork.swift in Sources */ = {isa = PBXBuildFile; fileRef = 6342945E2A8229610085B3D0 /* BeerNetwork.swift */; };
		634294622A8238E90085B3D0 /* Kingfisher in Frameworks */ = {isa = PBXBuildFile; productRef = 634294612A8238E90085B3D0 /* Kingfisher */; };
		6363E57A2A84CA710076C33A /* TranslateVC.swift in Sources */ = {isa = PBXBuildFile; fileRef = 6363E5792A84CA710076C33A /* TranslateVC.swift */; };
		6363E57C2A84CC8F0076C33A /* PapagoRouter.swift in Sources */ = {isa = PBXBuildFile; fileRef = 6363E57B2A84CC8F0076C33A /* PapagoRouter.swift */; };
		6363E57E2A84D24A0076C33A /* PapagoResources.swift in Sources */ = {isa = PBXBuildFile; fileRef = 6363E57D2A84D24A0076C33A /* PapagoResources.swift */; };
		63E6AECE2A8524E800FD9D35 /* BlurExtensions.swift in Sources */ = {isa = PBXBuildFile; fileRef = 63E6AECD2A8524E800FD9D35 /* BlurExtensions.swift */; };
		63FC8DC82A820E8700BECA96 /* AppDelegate.swift in Sources */ = {isa = PBXBuildFile; fileRef = 63FC8DC72A820E8700BECA96 /* AppDelegate.swift */; };
		63FC8DCA2A820E8700BECA96 /* SceneDelegate.swift in Sources */ = {isa = PBXBuildFile; fileRef = 63FC8DC92A820E8700BECA96 /* SceneDelegate.swift */; };
		63FC8DCF2A820E8700BECA96 /* Main.storyboard in Resources */ = {isa = PBXBuildFile; fileRef = 63FC8DCD2A820E8700BECA96 /* Main.storyboard */; };
		63FC8DD12A820E8800BECA96 /* Assets.xcassets in Resources */ = {isa = PBXBuildFile; fileRef = 63FC8DD02A820E8800BECA96 /* Assets.xcassets */; };
		63FC8DD42A820E8800BECA96 /* LaunchScreen.storyboard in Resources */ = {isa = PBXBuildFile; fileRef = 63FC8DD22A820E8800BECA96 /* LaunchScreen.storyboard */; };
/* End PBXBuildFile section */

/* Begin PBXFileReference section */
		6327F1FB2A820EC4000FC013 /* .gitignore */ = {isa = PBXFileReference; lastKnownFileType = text; path = .gitignore; sourceTree = "<group>"; };
		6327F1FD2A820EDA000FC013 /* API_Key.swift */ = {isa = PBXFileReference; lastKnownFileType = sourcecode.swift; path = API_Key.swift; sourceTree = "<group>"; };
		6327F2002A821084000FC013 /* LotteryVC.swift */ = {isa = PBXFileReference; lastKnownFileType = sourcecode.swift; path = LotteryVC.swift; sourceTree = "<group>"; };
		634294582A8227680085B3D0 /* BeerVC.swift */ = {isa = PBXFileReference; lastKnownFileType = sourcecode.swift; path = BeerVC.swift; sourceTree = "<group>"; };
		6342945A2A8228190085B3D0 /* BeerItemCell.swift */ = {isa = PBXFileReference; lastKnownFileType = sourcecode.swift; path = BeerItemCell.swift; sourceTree = "<group>"; };
		6342945B2A8228190085B3D0 /* BeerItemCell.xib */ = {isa = PBXFileReference; lastKnownFileType = file.xib; path = BeerItemCell.xib; sourceTree = "<group>"; };
		6342945E2A8229610085B3D0 /* BeerNetwork.swift */ = {isa = PBXFileReference; lastKnownFileType = sourcecode.swift; path = BeerNetwork.swift; sourceTree = "<group>"; };
		6363E5792A84CA710076C33A /* TranslateVC.swift */ = {isa = PBXFileReference; lastKnownFileType = sourcecode.swift; path = TranslateVC.swift; sourceTree = "<group>"; };
		6363E57B2A84CC8F0076C33A /* PapagoRouter.swift */ = {isa = PBXFileReference; lastKnownFileType = sourcecode.swift; path = PapagoRouter.swift; sourceTree = "<group>"; };
		6363E57D2A84D24A0076C33A /* PapagoResources.swift */ = {isa = PBXFileReference; lastKnownFileType = sourcecode.swift; path = PapagoResources.swift; sourceTree = "<group>"; };
		63E6AECD2A8524E800FD9D35 /* BlurExtensions.swift */ = {isa = PBXFileReference; lastKnownFileType = sourcecode.swift; path = BlurExtensions.swift; sourceTree = "<group>"; };
		63FC8DC42A820E8700BECA96 /* Sesac_API_Assign.app */ = {isa = PBXFileReference; explicitFileType = wrapper.application; includeInIndex = 0; path = Sesac_API_Assign.app; sourceTree = BUILT_PRODUCTS_DIR; };
		63FC8DC72A820E8700BECA96 /* AppDelegate.swift */ = {isa = PBXFileReference; lastKnownFileType = sourcecode.swift; path = AppDelegate.swift; sourceTree = "<group>"; };
		63FC8DC92A820E8700BECA96 /* SceneDelegate.swift */ = {isa = PBXFileReference; lastKnownFileType = sourcecode.swift; path = SceneDelegate.swift; sourceTree = "<group>"; };
		63FC8DCE2A820E8700BECA96 /* Base */ = {isa = PBXFileReference; lastKnownFileType = file.storyboard; name = Base; path = Base.lproj/Main.storyboard; sourceTree = "<group>"; };
		63FC8DD02A820E8800BECA96 /* Assets.xcassets */ = {isa = PBXFileReference; lastKnownFileType = folder.assetcatalog; path = Assets.xcassets; sourceTree = "<group>"; };
		63FC8DD32A820E8800BECA96 /* Base */ = {isa = PBXFileReference; lastKnownFileType = file.storyboard; name = Base; path = Base.lproj/LaunchScreen.storyboard; sourceTree = "<group>"; };
		63FC8DD52A820E8800BECA96 /* Info.plist */ = {isa = PBXFileReference; lastKnownFileType = text.plist.xml; path = Info.plist; sourceTree = "<group>"; };
/* End PBXFileReference section */

/* Begin PBXFrameworksBuildPhase section */
		63FC8DC12A820E8700BECA96 /* Frameworks */ = {
			isa = PBXFrameworksBuildPhase;
			buildActionMask = 2147483647;
			files = (
				634294622A8238E90085B3D0 /* Kingfisher in Frameworks */,
				634294552A8213890085B3D0 /* SwiftyJSON in Frameworks */,
				634294522A8213810085B3D0 /* Alamofire in Frameworks */,
			);
			runOnlyForDeploymentPostprocessing = 0;
		};
/* End PBXFrameworksBuildPhase section */

/* Begin PBXGroup section */
		6327F1FF2A821077000FC013 /* Lottery */ = {
			isa = PBXGroup;
			children = (
				6327F2002A821084000FC013 /* LotteryVC.swift */,
			);
			path = Lottery;
			sourceTree = "<group>";
		};
		634294572A82275E0085B3D0 /* RandomBeer */ = {
			isa = PBXGroup;
			children = (
				634294582A8227680085B3D0 /* BeerVC.swift */,
				6342945A2A8228190085B3D0 /* BeerItemCell.swift */,
				6342945B2A8228190085B3D0 /* BeerItemCell.xib */,
				6342945E2A8229610085B3D0 /* BeerNetwork.swift */,
			);
			path = RandomBeer;
			sourceTree = "<group>";
		};
		6363E5782A84CA650076C33A /* Papago */ = {
			isa = PBXGroup;
			children = (
				6363E5792A84CA710076C33A /* TranslateVC.swift */,
				6363E57B2A84CC8F0076C33A /* PapagoRouter.swift */,
				6363E57D2A84D24A0076C33A /* PapagoResources.swift */,
			);
			path = Papago;
			sourceTree = "<group>";
		};
		63E6AECC2A8524DD00FD9D35 /* Extensions */ = {
			isa = PBXGroup;
			children = (
				63E6AECD2A8524E800FD9D35 /* BlurExtensions.swift */,
			);
			path = Extensions;
			sourceTree = "<group>";
		};
		63FC8DBB2A820E8700BECA96 = {
			isa = PBXGroup;
			children = (
				63FC8DC62A820E8700BECA96 /* Sesac_API_Assign */,
				63FC8DC52A820E8700BECA96 /* Products */,
			);
			sourceTree = "<group>";
		};
		63FC8DC52A820E8700BECA96 /* Products */ = {
			isa = PBXGroup;
			children = (
				63FC8DC42A820E8700BECA96 /* Sesac_API_Assign.app */,
			);
			name = Products;
			sourceTree = "<group>";
		};
		63FC8DC62A820E8700BECA96 /* Sesac_API_Assign */ = {
			isa = PBXGroup;
			children = (
				63E6AECC2A8524DD00FD9D35 /* Extensions */,
				6363E5782A84CA650076C33A /* Papago */,
				634294572A82275E0085B3D0 /* RandomBeer */,
				6327F1FF2A821077000FC013 /* Lottery */,
				63FC8DC72A820E8700BECA96 /* AppDelegate.swift */,
				63FC8DC92A820E8700BECA96 /* SceneDelegate.swift */,
				63FC8DCD2A820E8700BECA96 /* Main.storyboard */,
				63FC8DD02A820E8800BECA96 /* Assets.xcassets */,
				63FC8DD22A820E8800BECA96 /* LaunchScreen.storyboard */,
				63FC8DD52A820E8800BECA96 /* Info.plist */,
				6327F1FB2A820EC4000FC013 /* .gitignore */,
				6327F1FD2A820EDA000FC013 /* API_Key.swift */,
			);
			path = Sesac_API_Assign;
			sourceTree = "<group>";
		};
/* End PBXGroup section */

/* Begin PBXNativeTarget section */
		63FC8DC32A820E8700BECA96 /* Sesac_API_Assign */ = {
			isa = PBXNativeTarget;
			buildConfigurationList = 63FC8DD82A820E8800BECA96 /* Build configuration list for PBXNativeTarget "Sesac_API_Assign" */;
			buildPhases = (
				63FC8DC02A820E8700BECA96 /* Sources */,
				63FC8DC12A820E8700BECA96 /* Frameworks */,
				63FC8DC22A820E8700BECA96 /* Resources */,
			);
			buildRules = (
			);
			dependencies = (
			);
			name = Sesac_API_Assign;
			packageProductDependencies = (
				634294512A8213810085B3D0 /* Alamofire */,
				634294542A8213890085B3D0 /* SwiftyJSON */,
				634294612A8238E90085B3D0 /* Kingfisher */,
			);
			productName = assign;
			productReference = 63FC8DC42A820E8700BECA96 /* Sesac_API_Assign.app */;
			productType = "com.apple.product-type.application";
		};
/* End PBXNativeTarget section */

/* Begin PBXProject section */
		63FC8DBC2A820E8700BECA96 /* Project object */ = {
			isa = PBXProject;
			attributes = {
				BuildIndependentTargetsInParallel = 1;
				LastSwiftUpdateCheck = 1430;
				LastUpgradeCheck = 1430;
				TargetAttributes = {
					63FC8DC32A820E8700BECA96 = {
						CreatedOnToolsVersion = 14.3.1;
					};
				};
			};
			buildConfigurationList = 63FC8DBF2A820E8700BECA96 /* Build configuration list for PBXProject "Sesac_API_Assign" */;
			compatibilityVersion = "Xcode 14.0";
			developmentRegion = en;
			hasScannedForEncodings = 0;
			knownRegions = (
				en,
				Base,
			);
			mainGroup = 63FC8DBB2A820E8700BECA96;
			packageReferences = (
				634294502A8213810085B3D0 /* XCRemoteSwiftPackageReference "Alamofire" */,
				634294532A8213890085B3D0 /* XCRemoteSwiftPackageReference "SwiftyJSON" */,
				634294602A8238E90085B3D0 /* XCRemoteSwiftPackageReference "Kingfisher" */,
			);
			productRefGroup = 63FC8DC52A820E8700BECA96 /* Products */;
			projectDirPath = "";
			projectRoot = "";
			targets = (
				63FC8DC32A820E8700BECA96 /* Sesac_API_Assign */,
			);
		};
/* End PBXProject section */

/* Begin PBXResourcesBuildPhase section */
		63FC8DC22A820E8700BECA96 /* Resources */ = {
			isa = PBXResourcesBuildPhase;
			buildActionMask = 2147483647;
			files = (
				6327F1FC2A820EC4000FC013 /* .gitignore in Resources */,
				63FC8DD42A820E8800BECA96 /* LaunchScreen.storyboard in Resources */,
				63FC8DD12A820E8800BECA96 /* Assets.xcassets in Resources */,
				6342945D2A8228190085B3D0 /* BeerItemCell.xib in Resources */,
				63FC8DCF2A820E8700BECA96 /* Main.storyboard in Resources */,
			);
			runOnlyForDeploymentPostprocessing = 0;
		};
/* End PBXResourcesBuildPhase section */

/* Begin PBXSourcesBuildPhase section */
		63FC8DC02A820E8700BECA96 /* Sources */ = {
			isa = PBXSourcesBuildPhase;
			buildActionMask = 2147483647;
			files = (
				6342945C2A8228190085B3D0 /* BeerItemCell.swift in Sources */,
				63E6AECE2A8524E800FD9D35 /* BlurExtensions.swift in Sources */,
				63FC8DC82A820E8700BECA96 /* AppDelegate.swift in Sources */,
				6327F1FE2A820EDA000FC013 /* API_Key.swift in Sources */,
				6363E57E2A84D24A0076C33A /* PapagoResources.swift in Sources */,
				6363E57A2A84CA710076C33A /* TranslateVC.swift in Sources */,
				6363E57C2A84CC8F0076C33A /* PapagoRouter.swift in Sources */,
				6327F2012A821084000FC013 /* LotteryVC.swift in Sources */,
				6342945F2A8229610085B3D0 /* BeerNetwork.swift in Sources */,
				634294592A8227680085B3D0 /* BeerVC.swift in Sources */,
				63FC8DCA2A820E8700BECA96 /* SceneDelegate.swift in Sources */,
			);
			runOnlyForDeploymentPostprocessing = 0;
		};
/* End PBXSourcesBuildPhase section */

/* Begin PBXVariantGroup section */
		63FC8DCD2A820E8700BECA96 /* Main.storyboard */ = {
			isa = PBXVariantGroup;
			children = (
				63FC8DCE2A820E8700BECA96 /* Base */,
			);
			name = Main.storyboard;
			sourceTree = "<group>";
		};
		63FC8DD22A820E8800BECA96 /* LaunchScreen.storyboard */ = {
			isa = PBXVariantGroup;
			children = (
				63FC8DD32A820E8800BECA96 /* Base */,
			);
			name = LaunchScreen.storyboard;
			sourceTree = "<group>";
		};
/* End PBXVariantGroup section */

/* Begin XCBuildConfiguration section */
		63FC8DD62A820E8800BECA96 /* Debug */ = {
			isa = XCBuildConfiguration;
			buildSettings = {
				ALWAYS_SEARCH_USER_PATHS = NO;
				CLANG_ANALYZER_NONNULL = YES;
				CLANG_ANALYZER_NUMBER_OBJECT_CONVERSION = YES_AGGRESSIVE;
				CLANG_CXX_LANGUAGE_STANDARD = "gnu++20";
				CLANG_ENABLE_MODULES = YES;
				CLANG_ENABLE_OBJC_ARC = YES;
				CLANG_ENABLE_OBJC_WEAK = YES;
				CLANG_WARN_BLOCK_CAPTURE_AUTORELEASING = YES;
				CLANG_WARN_BOOL_CONVERSION = YES;
				CLANG_WARN_COMMA = YES;
				CLANG_WARN_CONSTANT_CONVERSION = YES;
				CLANG_WARN_DEPRECATED_OBJC_IMPLEMENTATIONS = YES;
				CLANG_WARN_DIRECT_OBJC_ISA_USAGE = YES_ERROR;
				CLANG_WARN_DOCUMENTATION_COMMENTS = YES;
				CLANG_WARN_EMPTY_BODY = YES;
				CLANG_WARN_ENUM_CONVERSION = YES;
				CLANG_WARN_INFINITE_RECURSION = YES;
				CLANG_WARN_INT_CONVERSION = YES;
				CLANG_WARN_NON_LITERAL_NULL_CONVERSION = YES;
				CLANG_WARN_OBJC_IMPLICIT_RETAIN_SELF = YES;
				CLANG_WARN_OBJC_LITERAL_CONVERSION = YES;
				CLANG_WARN_OBJC_ROOT_CLASS = YES_ERROR;
				CLANG_WARN_QUOTED_INCLUDE_IN_FRAMEWORK_HEADER = YES;
				CLANG_WARN_RANGE_LOOP_ANALYSIS = YES;
				CLANG_WARN_STRICT_PROTOTYPES = YES;
				CLANG_WARN_SUSPICIOUS_MOVE = YES;
				CLANG_WARN_UNGUARDED_AVAILABILITY = YES_AGGRESSIVE;
				CLANG_WARN_UNREACHABLE_CODE = YES;
				CLANG_WARN__DUPLICATE_METHOD_MATCH = YES;
				COPY_PHASE_STRIP = NO;
				DEBUG_INFORMATION_FORMAT = dwarf;
				ENABLE_STRICT_OBJC_MSGSEND = YES;
				ENABLE_TESTABILITY = YES;
				GCC_C_LANGUAGE_STANDARD = gnu11;
				GCC_DYNAMIC_NO_PIC = NO;
				GCC_NO_COMMON_BLOCKS = YES;
				GCC_OPTIMIZATION_LEVEL = 0;
				GCC_PREPROCESSOR_DEFINITIONS = (
					"DEBUG=1",
					"$(inherited)",
				);
				GCC_WARN_64_TO_32_BIT_CONVERSION = YES;
				GCC_WARN_ABOUT_RETURN_TYPE = YES_ERROR;
				GCC_WARN_UNDECLARED_SELECTOR = YES;
				GCC_WARN_UNINITIALIZED_AUTOS = YES_AGGRESSIVE;
				GCC_WARN_UNUSED_FUNCTION = YES;
				GCC_WARN_UNUSED_VARIABLE = YES;
				INFOPLIST_FILE = "";
				IPHONEOS_DEPLOYMENT_TARGET = 16.4;
				MTL_ENABLE_DEBUG_INFO = INCLUDE_SOURCE;
				MTL_FAST_MATH = YES;
				ONLY_ACTIVE_ARCH = YES;
				SDKROOT = iphoneos;
				SWIFT_ACTIVE_COMPILATION_CONDITIONS = DEBUG;
				SWIFT_OPTIMIZATION_LEVEL = "-Onone";
			};
			name = Debug;
		};
		63FC8DD72A820E8800BECA96 /* Release */ = {
			isa = XCBuildConfiguration;
			buildSettings = {
				ALWAYS_SEARCH_USER_PATHS = NO;
				CLANG_ANALYZER_NONNULL = YES;
				CLANG_ANALYZER_NUMBER_OBJECT_CONVERSION = YES_AGGRESSIVE;
				CLANG_CXX_LANGUAGE_STANDARD = "gnu++20";
				CLANG_ENABLE_MODULES = YES;
				CLANG_ENABLE_OBJC_ARC = YES;
				CLANG_ENABLE_OBJC_WEAK = YES;
				CLANG_WARN_BLOCK_CAPTURE_AUTORELEASING = YES;
				CLANG_WARN_BOOL_CONVERSION = YES;
				CLANG_WARN_COMMA = YES;
				CLANG_WARN_CONSTANT_CONVERSION = YES;
				CLANG_WARN_DEPRECATED_OBJC_IMPLEMENTATIONS = YES;
				CLANG_WARN_DIRECT_OBJC_ISA_USAGE = YES_ERROR;
				CLANG_WARN_DOCUMENTATION_COMMENTS = YES;
				CLANG_WARN_EMPTY_BODY = YES;
				CLANG_WARN_ENUM_CONVERSION = YES;
				CLANG_WARN_INFINITE_RECURSION = YES;
				CLANG_WARN_INT_CONVERSION = YES;
				CLANG_WARN_NON_LITERAL_NULL_CONVERSION = YES;
				CLANG_WARN_OBJC_IMPLICIT_RETAIN_SELF = YES;
				CLANG_WARN_OBJC_LITERAL_CONVERSION = YES;
				CLANG_WARN_OBJC_ROOT_CLASS = YES_ERROR;
				CLANG_WARN_QUOTED_INCLUDE_IN_FRAMEWORK_HEADER = YES;
				CLANG_WARN_RANGE_LOOP_ANALYSIS = YES;
				CLANG_WARN_STRICT_PROTOTYPES = YES;
				CLANG_WARN_SUSPICIOUS_MOVE = YES;
				CLANG_WARN_UNGUARDED_AVAILABILITY = YES_AGGRESSIVE;
				CLANG_WARN_UNREACHABLE_CODE = YES;
				CLANG_WARN__DUPLICATE_METHOD_MATCH = YES;
				COPY_PHASE_STRIP = NO;
				DEBUG_INFORMATION_FORMAT = "dwarf-with-dsym";
				ENABLE_NS_ASSERTIONS = NO;
				ENABLE_STRICT_OBJC_MSGSEND = YES;
				GCC_C_LANGUAGE_STANDARD = gnu11;
				GCC_NO_COMMON_BLOCKS = YES;
				GCC_WARN_64_TO_32_BIT_CONVERSION = YES;
				GCC_WARN_ABOUT_RETURN_TYPE = YES_ERROR;
				GCC_WARN_UNDECLARED_SELECTOR = YES;
				GCC_WARN_UNINITIALIZED_AUTOS = YES_AGGRESSIVE;
				GCC_WARN_UNUSED_FUNCTION = YES;
				GCC_WARN_UNUSED_VARIABLE = YES;
				INFOPLIST_FILE = "";
				IPHONEOS_DEPLOYMENT_TARGET = 16.4;
				MTL_ENABLE_DEBUG_INFO = NO;
				MTL_FAST_MATH = YES;
				SDKROOT = iphoneos;
				SWIFT_COMPILATION_MODE = wholemodule;
				SWIFT_OPTIMIZATION_LEVEL = "-O";
				VALIDATE_PRODUCT = YES;
			};
			name = Release;
		};
		63FC8DD92A820E8800BECA96 /* Debug */ = {
			isa = XCBuildConfiguration;
			buildSettings = {
				ASSETCATALOG_COMPILER_APPICON_NAME = AppIcon;
				ASSETCATALOG_COMPILER_GLOBAL_ACCENT_COLOR_NAME = AccentColor;
				CODE_SIGN_STYLE = Automatic;
				CURRENT_PROJECT_VERSION = 1;
				DEVELOPMENT_TEAM = 3W9F68ZTUJ;
				GENERATE_INFOPLIST_FILE = YES;
				INFOPLIST_FILE = Sesac_API_Assign/Info.plist;
				INFOPLIST_KEY_UIApplicationSupportsIndirectInputEvents = YES;
				INFOPLIST_KEY_UILaunchStoryboardName = LaunchScreen;
				INFOPLIST_KEY_UIMainStoryboardFile = Main;
				INFOPLIST_KEY_UISupportedInterfaceOrientations = UIInterfaceOrientationPortrait;
				INFOPLIST_KEY_UISupportedInterfaceOrientations_iPad = "UIInterfaceOrientationLandscapeLeft UIInterfaceOrientationLandscapeRight UIInterfaceOrientationPortrait UIInterfaceOrientationPortraitUpsideDown";
				LD_RUNPATH_SEARCH_PATHS = (
					"$(inherited)",
					"@executable_path/Frameworks",
				);
				MARKETING_VERSION = 1.0;
				PRODUCT_BUNDLE_IDENTIFIER = ii.assign;
				PRODUCT_NAME = "$(TARGET_NAME)";
				SUPPORTED_PLATFORMS = "iphoneos iphonesimulator";
				SUPPORTS_MACCATALYST = NO;
				SUPPORTS_MAC_DESIGNED_FOR_IPHONE_IPAD = NO;
				SWIFT_EMIT_LOC_STRINGS = YES;
				SWIFT_VERSION = 5.0;
				TARGETED_DEVICE_FAMILY = 1;
			};
			name = Debug;
		};
		63FC8DDA2A820E8800BECA96 /* Release */ = {
			isa = XCBuildConfiguration;
			buildSettings = {
				ASSETCATALOG_COMPILER_APPICON_NAME = AppIcon;
				ASSETCATALOG_COMPILER_GLOBAL_ACCENT_COLOR_NAME = AccentColor;
				CODE_SIGN_STYLE = Automatic;
				CURRENT_PROJECT_VERSION = 1;
				DEVELOPMENT_TEAM = 3W9F68ZTUJ;
				GENERATE_INFOPLIST_FILE = YES;
				INFOPLIST_FILE = Sesac_API_Assign/Info.plist;
				INFOPLIST_KEY_UIApplicationSupportsIndirectInputEvents = YES;
				INFOPLIST_KEY_UILaunchStoryboardName = LaunchScreen;
				INFOPLIST_KEY_UIMainStoryboardFile = Main;
				INFOPLIST_KEY_UISupportedInterfaceOrientations = UIInterfaceOrientationPortrait;
				INFOPLIST_KEY_UISupportedInterfaceOrientations_iPad = "UIInterfaceOrientationLandscapeLeft UIInterfaceOrientationLandscapeRight UIInterfaceOrientationPortrait UIInterfaceOrientationPortraitUpsideDown";
				LD_RUNPATH_SEARCH_PATHS = (
					"$(inherited)",
					"@executable_path/Frameworks",
				);
				MARKETING_VERSION = 1.0;
				PRODUCT_BUNDLE_IDENTIFIER = ii.assign;
				PRODUCT_NAME = "$(TARGET_NAME)";
				SUPPORTED_PLATFORMS = "iphoneos iphonesimulator";
				SUPPORTS_MACCATALYST = NO;
				SUPPORTS_MAC_DESIGNED_FOR_IPHONE_IPAD = NO;
				SWIFT_EMIT_LOC_STRINGS = YES;
				SWIFT_VERSION = 5.0;
				TARGETED_DEVICE_FAMILY = 1;
			};
			name = Release;
		};
/* End XCBuildConfiguration section */

/* Begin XCConfigurationList section */
		63FC8DBF2A820E8700BECA96 /* Build configuration list for PBXProject "Sesac_API_Assign" */ = {
			isa = XCConfigurationList;
			buildConfigurations = (
				63FC8DD62A820E8800BECA96 /* Debug */,
				63FC8DD72A820E8800BECA96 /* Release */,
			);
			defaultConfigurationIsVisible = 0;
			defaultConfigurationName = Release;
		};
		63FC8DD82A820E8800BECA96 /* Build configuration list for PBXNativeTarget "Sesac_API_Assign" */ = {
			isa = XCConfigurationList;
			buildConfigurations = (
				63FC8DD92A820E8800BECA96 /* Debug */,
				63FC8DDA2A820E8800BECA96 /* Release */,
			);
			defaultConfigurationIsVisible = 0;
			defaultConfigurationName = Release;
		};
/* End XCConfigurationList section */

/* Begin XCRemoteSwiftPackageReference section */
		634294502A8213810085B3D0 /* XCRemoteSwiftPackageReference "Alamofire" */ = {
			isa = XCRemoteSwiftPackageReference;
			repositoryURL = "https://github.com/Alamofire/Alamofire.git";
			requirement = {
				kind = upToNextMajorVersion;
				minimumVersion = 5.0.0;
			};
		};
		634294532A8213890085B3D0 /* XCRemoteSwiftPackageReference "SwiftyJSON" */ = {
			isa = XCRemoteSwiftPackageReference;
			repositoryURL = "https://github.com/SwiftyJSON/SwiftyJSON.git";
			requirement = {
				kind = upToNextMajorVersion;
				minimumVersion = 5.0.0;
			};
		};
		634294602A8238E90085B3D0 /* XCRemoteSwiftPackageReference "Kingfisher" */ = {
			isa = XCRemoteSwiftPackageReference;
			repositoryURL = "https://github.com/onevcat/Kingfisher.git";
			requirement = {
				kind = upToNextMajorVersion;
				minimumVersion = 7.0.0;
			};
		};
/* End XCRemoteSwiftPackageReference section */

/* Begin XCSwiftPackageProductDependency section */
		634294512A8213810085B3D0 /* Alamofire */ = {
			isa = XCSwiftPackageProductDependency;
			package = 634294502A8213810085B3D0 /* XCRemoteSwiftPackageReference "Alamofire" */;
			productName = Alamofire;
		};
		634294542A8213890085B3D0 /* SwiftyJSON */ = {
			isa = XCSwiftPackageProductDependency;
			package = 634294532A8213890085B3D0 /* XCRemoteSwiftPackageReference "SwiftyJSON" */;
			productName = SwiftyJSON;
		};
		634294612A8238E90085B3D0 /* Kingfisher */ = {
			isa = XCSwiftPackageProductDependency;
			package = 634294602A8238E90085B3D0 /* XCRemoteSwiftPackageReference "Kingfisher" */;
			productName = Kingfisher;
		};
/* End XCSwiftPackageProductDependency section */
	};
	rootObject = 63FC8DBC2A820E8700BECA96 /* Project object */;
}
